// !$*UTF8*$!
{
	archiveVersion = 1;
	classes = {
	};
	objectVersion = 46;
	objects = {

/* Begin PBXBuildFile section */
		5538377318E857860033D30C /* Foundation.framework in Frameworks */ = {isa = PBXBuildFile; fileRef = 5538377218E857860033D30C /* Foundation.framework */; };
		5538377518E857860033D30C /* CoreGraphics.framework in Frameworks */ = {isa = PBXBuildFile; fileRef = 5538377418E857860033D30C /* CoreGraphics.framework */; };
		5538377718E857860033D30C /* UIKit.framework in Frameworks */ = {isa = PBXBuildFile; fileRef = 5538377618E857860033D30C /* UIKit.framework */; };
		5538377D18E857860033D30C /* InfoPlist.strings in Resources */ = {isa = PBXBuildFile; fileRef = 5538377B18E857860033D30C /* InfoPlist.strings */; };
		5538377F18E857860033D30C /* main.m in Sources */ = {isa = PBXBuildFile; fileRef = 5538377E18E857860033D30C /* main.m */; };
		5538378318E857860033D30C /* MonthAppDelegate.m in Sources */ = {isa = PBXBuildFile; fileRef = 5538378218E857860033D30C /* MonthAppDelegate.m */; };
		5538378618E857860033D30C /* Main.storyboard in Resources */ = {isa = PBXBuildFile; fileRef = 5538378418E857860033D30C /* Main.storyboard */; };
		5538378918E857860033D30C /* MonthViewController.m in Sources */ = {isa = PBXBuildFile; fileRef = 5538378818E857860033D30C /* MonthViewController.m */; };
		5538378B18E857860033D30C /* Images.xcassets in Resources */ = {isa = PBXBuildFile; fileRef = 5538378A18E857860033D30C /* Images.xcassets */; };
		5538379218E857860033D30C /* XCTest.framework in Frameworks */ = {isa = PBXBuildFile; fileRef = 5538379118E857860033D30C /* XCTest.framework */; };
		5538379318E857860033D30C /* Foundation.framework in Frameworks */ = {isa = PBXBuildFile; fileRef = 5538377218E857860033D30C /* Foundation.framework */; };
		5538379418E857860033D30C /* UIKit.framework in Frameworks */ = {isa = PBXBuildFile; fileRef = 5538377618E857860033D30C /* UIKit.framework */; };
		5538379C18E857860033D30C /* InfoPlist.strings in Resources */ = {isa = PBXBuildFile; fileRef = 5538379A18E857860033D30C /* InfoPlist.strings */; };
		5538379E18E857860033D30C /* MonthViewTests.m in Sources */ = {isa = PBXBuildFile; fileRef = 5538379D18E857860033D30C /* MonthViewTests.m */; };
/* End PBXBuildFile section */

/* Begin PBXContainerItemProxy section */
		5538379518E857860033D30C /* PBXContainerItemProxy */ = {
			isa = PBXContainerItemProxy;
			containerPortal = 5538376718E857850033D30C /* Project object */;
			proxyType = 1;
			remoteGlobalIDString = 5538376E18E857860033D30C;
			remoteInfo = MonthView;
		};
/* End PBXContainerItemProxy section */

/* Begin PBXFileReference section */
		5538376F18E857860033D30C /* MonthView.app */ = {isa = PBXFileReference; explicitFileType = wrapper.application; includeInIndex = 0; path = MonthView.app; sourceTree = BUILT_PRODUCTS_DIR; };
		5538377218E857860033D30C /* Foundation.framework */ = {isa = PBXFileReference; lastKnownFileType = wrapper.framework; name = Foundation.framework; path = System/Library/Frameworks/Foundation.framework; sourceTree = SDKROOT; };
		5538377418E857860033D30C /* CoreGraphics.framework */ = {isa = PBXFileReference; lastKnownFileType = wrapper.framework; name = CoreGraphics.framework; path = System/Library/Frameworks/CoreGraphics.framework; sourceTree = SDKROOT; };
		5538377618E857860033D30C /* UIKit.framework */ = {isa = PBXFileReference; lastKnownFileType = wrapper.framework; name = UIKit.framework; path = System/Library/Frameworks/UIKit.framework; sourceTree = SDKROOT; };
		5538377A18E857860033D30C /* MonthView-Info.plist */ = {isa = PBXFileReference; lastKnownFileType = text.plist.xml; path = "MonthView-Info.plist"; sourceTree = "<group>"; };
		5538377C18E857860033D30C /* en */ = {isa = PBXFileReference; lastKnownFileType = text.plist.strings; name = en; path = en.lproj/InfoPlist.strings; sourceTree = "<group>"; };
		5538377E18E857860033D30C /* main.m */ = {isa = PBXFileReference; lastKnownFileType = sourcecode.c.objc; path = main.m; sourceTree = "<group>"; };
		5538378018E857860033D30C /* MonthView-Prefix.pch */ = {isa = PBXFileReference; lastKnownFileType = sourcecode.c.h; path = "MonthView-Prefix.pch"; sourceTree = "<group>"; };
		5538378118E857860033D30C /* MonthAppDelegate.h */ = {isa = PBXFileReference; lastKnownFileType = sourcecode.c.h; path = MonthAppDelegate.h; sourceTree = "<group>"; };
		5538378218E857860033D30C /* MonthAppDelegate.m */ = {isa = PBXFileReference; lastKnownFileType = sourcecode.c.objc; path = MonthAppDelegate.m; sourceTree = "<group>"; };
		5538378518E857860033D30C /* Base */ = {isa = PBXFileReference; lastKnownFileType = file.storyboard; name = Base; path = Base.lproj/Main.storyboard; sourceTree = "<group>"; };
		5538378718E857860033D30C /* MonthViewController.h */ = {isa = PBXFileReference; lastKnownFileType = sourcecode.c.h; path = MonthViewController.h; sourceTree = "<group>"; };
		5538378818E857860033D30C /* MonthViewController.m */ = {isa = PBXFileReference; lastKnownFileType = sourcecode.c.objc; path = MonthViewController.m; sourceTree = "<group>"; };
		5538378A18E857860033D30C /* Images.xcassets */ = {isa = PBXFileReference; lastKnownFileType = folder.assetcatalog; path = Images.xcassets; sourceTree = "<group>"; };
		5538379018E857860033D30C /* MonthViewTests.xctest */ = {isa = PBXFileReference; explicitFileType = wrapper.cfbundle; includeInIndex = 0; path = MonthViewTests.xctest; sourceTree = BUILT_PRODUCTS_DIR; };
		5538379118E857860033D30C /* XCTest.framework */ = {isa = PBXFileReference; lastKnownFileType = wrapper.framework; name = XCTest.framework; path = Library/Frameworks/XCTest.framework; sourceTree = DEVELOPER_DIR; };
		5538379918E857860033D30C /* MonthViewTests-Info.plist */ = {isa = PBXFileReference; lastKnownFileType = text.plist.xml; path = "MonthViewTests-Info.plist"; sourceTree = "<group>"; };
		5538379B18E857860033D30C /* en */ = {isa = PBXFileReference; lastKnownFileType = text.plist.strings; name = en; path = en.lproj/InfoPlist.strings; sourceTree = "<group>"; };
		5538379D18E857860033D30C /* MonthViewTests.m */ = {isa = PBXFileReference; lastKnownFileType = sourcecode.c.objc; path = MonthViewTests.m; sourceTree = "<group>"; };
/* End PBXFileReference section */

/* Begin PBXFrameworksBuildPhase section */
		5538376C18E857860033D30C /* Frameworks */ = {
			isa = PBXFrameworksBuildPhase;
			buildActionMask = 2147483647;
			files = (
				5538377518E857860033D30C /* CoreGraphics.framework in Frameworks */,
				5538377718E857860033D30C /* UIKit.framework in Frameworks */,
				5538377318E857860033D30C /* Foundation.framework in Frameworks */,
			);
			runOnlyForDeploymentPostprocessing = 0;
		};
		5538378D18E857860033D30C /* Frameworks */ = {
			isa = PBXFrameworksBuildPhase;
			buildActionMask = 2147483647;
			files = (
				5538379218E857860033D30C /* XCTest.framework in Frameworks */,
				5538379418E857860033D30C /* UIKit.framework in Frameworks */,
				5538379318E857860033D30C /* Foundation.framework in Frameworks */,
			);
			runOnlyForDeploymentPostprocessing = 0;
		};
/* End PBXFrameworksBuildPhase section */

/* Begin PBXGroup section */
		5538376618E857850033D30C = {
			isa = PBXGroup;
			children = (
				5538377818E857860033D30C /* MonthView */,
				5538379718E857860033D30C /* MonthViewTests */,
				5538377118E857860033D30C /* Frameworks */,
				5538377018E857860033D30C /* Products */,
			);
			sourceTree = "<group>";
		};
		5538377018E857860033D30C /* Products */ = {
			isa = PBXGroup;
			children = (
				5538376F18E857860033D30C /* MonthView.app */,
				5538379018E857860033D30C /* MonthViewTests.xctest */,
			);
			name = Products;
			sourceTree = "<group>";
		};
		5538377118E857860033D30C /* Frameworks */ = {
			isa = PBXGroup;
			children = (
				5538377218E857860033D30C /* Foundation.framework */,
				5538377418E857860033D30C /* CoreGraphics.framework */,
				5538377618E857860033D30C /* UIKit.framework */,
				5538379118E857860033D30C /* XCTest.framework */,
			);
			name = Frameworks;
			sourceTree = "<group>";
		};
		5538377818E857860033D30C /* MonthView */ = {
			isa = PBXGroup;
			children = (
				5538378118E857860033D30C /* MonthAppDelegate.h */,
				5538378218E857860033D30C /* MonthAppDelegate.m */,
				5538378418E857860033D30C /* Main.storyboard */,
				5538378718E857860033D30C /* MonthViewController.h */,
				5538378818E857860033D30C /* MonthViewController.m */,
				5538378A18E857860033D30C /* Images.xcassets */,
				5538377918E857860033D30C /* Supporting Files */,
			);
			path = MonthView;
			sourceTree = "<group>";
		};
		5538377918E857860033D30C /* Supporting Files */ = {
			isa = PBXGroup;
			children = (
				5538377A18E857860033D30C /* MonthView-Info.plist */,
				5538377B18E857860033D30C /* InfoPlist.strings */,
				5538377E18E857860033D30C /* main.m */,
				5538378018E857860033D30C /* MonthView-Prefix.pch */,
			);
			name = "Supporting Files";
			sourceTree = "<group>";
		};
		5538379718E857860033D30C /* MonthViewTests */ = {
			isa = PBXGroup;
			children = (
				5538379D18E857860033D30C /* MonthViewTests.m */,
				5538379818E857860033D30C /* Supporting Files */,
			);
			path = MonthViewTests;
			sourceTree = "<group>";
		};
		5538379818E857860033D30C /* Supporting Files */ = {
			isa = PBXGroup;
			children = (
				5538379918E857860033D30C /* MonthViewTests-Info.plist */,
				5538379A18E857860033D30C /* InfoPlist.strings */,
			);
			name = "Supporting Files";
			sourceTree = "<group>";
		};
/* End PBXGroup section */

/* Begin PBXNativeTarget section */
		5538376E18E857860033D30C /* MonthView */ = {
			isa = PBXNativeTarget;
			buildConfigurationList = 553837A118E857860033D30C /* Build configuration list for PBXNativeTarget "MonthView" */;
			buildPhases = (
				5538376B18E857860033D30C /* Sources */,
				5538376C18E857860033D30C /* Frameworks */,
				5538376D18E857860033D30C /* Resources */,
			);
			buildRules = (
			);
			dependencies = (
			);
			name = MonthView;
			productName = MonthView;
			productReference = 5538376F18E857860033D30C /* MonthView.app */;
			productType = "com.apple.product-type.application";
		};
		5538378F18E857860033D30C /* MonthViewTests */ = {
			isa = PBXNativeTarget;
			buildConfigurationList = 553837A418E857860033D30C /* Build configuration list for PBXNativeTarget "MonthViewTests" */;
			buildPhases = (
				5538378C18E857860033D30C /* Sources */,
				5538378D18E857860033D30C /* Frameworks */,
				5538378E18E857860033D30C /* Resources */,
			);
			buildRules = (
			);
			dependencies = (
				5538379618E857860033D30C /* PBXTargetDependency */,
			);
			name = MonthViewTests;
			productName = MonthViewTests;
			productReference = 5538379018E857860033D30C /* MonthViewTests.xctest */;
			productType = "com.apple.product-type.bundle.unit-test";
		};
/* End PBXNativeTarget section */

/* Begin PBXProject section */
		5538376718E857850033D30C /* Project object */ = {
			isa = PBXProject;
			attributes = {
				CLASSPREFIX = Month;
				LastUpgradeCheck = 0510;
				ORGANIZATIONNAME = "Wayne Cochran";
				TargetAttributes = {
					5538378F18E857860033D30C = {
						TestTargetID = 5538376E18E857860033D30C;
					};
				};
			};
			buildConfigurationList = 5538376A18E857850033D30C /* Build configuration list for PBXProject "MonthView" */;
			compatibilityVersion = "Xcode 3.2";
			developmentRegion = English;
			hasScannedForEncodings = 0;
			knownRegions = (
				en,
				Base,
			);
			mainGroup = 5538376618E857850033D30C;
			productRefGroup = 5538377018E857860033D30C /* Products */;
			projectDirPath = "";
			projectRoot = "";
			targets = (
				5538376E18E857860033D30C /* MonthView */,
				5538378F18E857860033D30C /* MonthViewTests */,
			);
		};
/* End PBXProject section */

/* Begin PBXResourcesBuildPhase section */
		5538376D18E857860033D30C /* Resources */ = {
			isa = PBXResourcesBuildPhase;
			buildActionMask = 2147483647;
			files = (
				5538378B18E857860033D30C /* Images.xcassets in Resources */,
				5538377D18E857860033D30C /* InfoPlist.strings in Resources */,
				5538378618E857860033D30C /* Main.storyboard in Resources */,
			);
			runOnlyForDeploymentPostprocessing = 0;
		};
		5538378E18E857860033D30C /* Resources */ = {
			isa = PBXResourcesBuildPhase;
			buildActionMask = 2147483647;
			files = (
				5538379C18E857860033D30C /* InfoPlist.strings in Resources */,
			);
			runOnlyForDeploymentPostprocessing = 0;
		};
/* End PBXResourcesBuildPhase section */

/* Begin PBXSourcesBuildPhase section */
		5538376B18E857860033D30C /* Sources */ = {
			isa = PBXSourcesBuildPhase;
			buildActionMask = 2147483647;
			files = (
				5538377F18E857860033D30C /* main.m in Sources */,
				5538378918E857860033D30C /* MonthViewController.m in Sources */,
				5538378318E857860033D30C /* MonthAppDelegate.m in Sources */,
			);
			runOnlyForDeploymentPostprocessing = 0;
		};
		5538378C18E857860033D30C /* Sources */ = {
			isa = PBXSourcesBuildPhase;
			buildActionMask = 2147483647;
			files = (
				5538379E18E857860033D30C /* MonthViewTests.m in Sources */,
			);
			runOnlyForDeploymentPostprocessing = 0;
		};
/* End PBXSourcesBuildPhase section */

/* Begin PBXTargetDependency section */
		5538379618E857860033D30C /* PBXTargetDependency */ = {
			isa = PBXTargetDependency;
			target = 5538376E18E857860033D30C /* MonthView */;
			targetProxy = 5538379518E857860033D30C /* PBXContainerItemProxy */;
		};
/* End PBXTargetDependency section */

/* Begin PBXVariantGroup section */
		5538377B18E857860033D30C /* InfoPlist.strings */ = {
			isa = PBXVariantGroup;
			children = (
				5538377C18E857860033D30C /* en */,
			);
			name = InfoPlist.strings;
			sourceTree = "<group>";
		};
		5538378418E857860033D30C /* Main.storyboard */ = {
			isa = PBXVariantGroup;
			children = (
				5538378518E857860033D30C /* Base */,
			);
			name = Main.storyboard;
			sourceTree = "<group>";
		};
		5538379A18E857860033D30C /* InfoPlist.strings */ = {
			isa = PBXVariantGroup;
			children = (
				5538379B18E857860033D30C /* en */,
			);
			name = InfoPlist.strings;
			sourceTree = "<group>";
		};
/* End PBXVariantGroup section */

/* Begin XCBuildConfiguration section */
		5538379F18E857860033D30C /* Debug */ = {
			isa = XCBuildConfiguration;
			buildSettings = {
				ALWAYS_SEARCH_USER_PATHS = NO;
				CLANG_CXX_LANGUAGE_STANDARD = "gnu++0x";
				CLANG_CXX_LIBRARY = "libc++";
				CLANG_ENABLE_MODULES = YES;
				CLANG_ENABLE_OBJC_ARC = YES;
				CLANG_WARN_BOOL_CONVERSION = YES;
				CLANG_WARN_CONSTANT_CONVERSION = YES;
				CLANG_WARN_DIRECT_OBJC_ISA_USAGE = YES_ERROR;
				CLANG_WARN_EMPTY_BODY = YES;
				CLANG_WARN_ENUM_CONVERSION = YES;
				CLANG_WARN_INT_CONVERSION = YES;
				CLANG_WARN_OBJC_ROOT_CLASS = YES_ERROR;
				CLANG_WARN__DUPLICATE_METHOD_MATCH = YES;
				"CODE_SIGN_IDENTITY[sdk=iphoneos*]" = "iPhone Developer";
				COPY_PHASE_STRIP = NO;
				GCC_C_LANGUAGE_STANDARD = gnu99;
				GCC_DYNAMIC_NO_PIC = NO;
				GCC_OPTIMIZATION_LEVEL = 0;
				GCC_PREPROCESSOR_DEFINITIONS = (
					"DEBUG=1",
					"$(inherited)",
				);
				GCC_SYMBOLS_PRIVATE_EXTERN = NO;
				GCC_WARN_64_TO_32_BIT_CONVERSION = YES;
				GCC_WARN_ABOUT_RETURN_TYPE = YES_ERROR;
				GCC_WARN_UNDECLARED_SELECTOR = YES;
				GCC_WARN_UNINITIALIZED_AUTOS = YES_AGGRESSIVE;
				GCC_WARN_UNUSED_FUNCTION = YES;
				GCC_WARN_UNUSED_VARIABLE = YES;
				IPHONEOS_DEPLOYMENT_TARGET = 7.1;
				ONLY_ACTIVE_ARCH = YES;
				SDKROOT = iphoneos;
			};
			name = Debug;
		};
		553837A018E857860033D30C /* Release */ = {
			isa = XCBuildConfiguration;
			buildSettings = {
				ALWAYS_SEARCH_USER_PATHS = NO;
				CLANG_CXX_LANGUAGE_STANDARD = "gnu++0x";
				CLANG_CXX_LIBRARY = "libc++";
				CLANG_ENABLE_MODULES = YES;
				CLANG_ENABLE_OBJC_ARC = YES;
				CLANG_WARN_BOOL_CONVERSION = YES;
				CLANG_WARN_CONSTANT_CONVERSION = YES;
				CLANG_WARN_DIRECT_OBJC_ISA_USAGE = YES_ERROR;
				CLANG_WARN_EMPTY_BODY = YES;
				CLANG_WARN_ENUM_CONVERSION = YES;
				CLANG_WARN_INT_CONVERSION = YES;
				CLANG_WARN_OBJC_ROOT_CLASS = YES_ERROR;
				CLANG_WARN__DUPLICATE_METHOD_MATCH = YES;
				"CODE_SIGN_IDENTITY[sdk=iphoneos*]" = "iPhone Developer";
				COPY_PHASE_STRIP = YES;
				ENABLE_NS_ASSERTIONS = NO;
				GCC_C_LANGUAGE_STANDARD = gnu99;
				GCC_WARN_64_TO_32_BIT_CONVERSION = YES;
				GCC_WARN_ABOUT_RETURN_TYPE = YES_ERROR;
				GCC_WARN_UNDECLARED_SELECTOR = YES;
				GCC_WARN_UNINITIALIZED_AUTOS = YES_AGGRESSIVE;
				GCC_WARN_UNUSED_FUNCTION = YES;
				GCC_WARN_UNUSED_VARIABLE = YES;
				IPHONEOS_DEPLOYMENT_TARGET = 7.1;
				SDKROOT = iphoneos;
				VALIDATE_PRODUCT = YES;
			};
			name = Release;
		};
		553837A218E857860033D30C /* Debug */ = {
			isa = XCBuildConfiguration;
			buildSettings = {
				ASSETCATALOG_COMPILER_APPICON_NAME = AppIcon;
				ASSETCATALOG_COMPILER_LAUNCHIMAGE_NAME = LaunchImage;
				GCC_PRECOMPILE_PREFIX_HEADER = YES;
				GCC_PREFIX_HEADER = "MonthView/MonthView-Prefix.pch";
				INFOPLIST_FILE = "MonthView/MonthView-Info.plist";
				PRODUCT_NAME = "$(TARGET_NAME)";
				WRAPPER_EXTENSION = app;
			};
			name = Debug;
		};
		553837A318E857860033D30C /* Release */ = {
			isa = XCBuildConfiguration;
			buildSettings = {
				ASSETCATALOG_COMPILER_APPICON_NAME = AppIcon;
				ASSETCATALOG_COMPILER_LAUNCHIMAGE_NAME = LaunchImage;
				GCC_PRECOMPILE_PREFIX_HEADER = YES;
				GCC_PREFIX_HEADER = "MonthView/MonthView-Prefix.pch";
				INFOPLIST_FILE = "MonthView/MonthView-Info.plist";
				PRODUCT_NAME = "$(TARGET_NAME)";
				WRAPPER_EXTENSION = app;
			};
			name = Release;
		};
		553837A518E857860033D30C /* Debug */ = {
			isa = XCBuildConfiguration;
			buildSettings = {
				BUNDLE_LOADER = "$(BUILT_PRODUCTS_DIR)/MonthView.app/MonthView";
				FRAMEWORK_SEARCH_PATHS = (
					"$(SDKROOT)/Developer/Library/Frameworks",
					"$(inherited)",
					"$(DEVELOPER_FRAMEWORKS_DIR)",
				);
				GCC_PRECOMPILE_PREFIX_HEADER = YES;
				GCC_PREFIX_HEADER = "MonthView/MonthView-Prefix.pch";
				GCC_PREPROCESSOR_DEFINITIONS = (
					"DEBUG=1",
					"$(inherited)",
				);
				INFOPLIST_FILE = "MonthViewTests/MonthViewTests-Info.plist";
				PRODUCT_NAME = "$(TARGET_NAME)";
				TEST_HOST = "$(BUNDLE_LOADER)";
				WRAPPER_EXTENSION = xctest;
			};
			name = Debug;
		};
		553837A618E857860033D30C /* Release */ = {
			isa = XCBuildConfiguration;
			buildSettings = {
				BUNDLE_LOADER = "$(BUILT_PRODUCTS_DIR)/MonthView.app/MonthView";
				FRAMEWORK_SEARCH_PATHS = (
					"$(SDKROOT)/Developer/Library/Frameworks",
					"$(inherited)",
					"$(DEVELOPER_FRAMEWORKS_DIR)",
				);
				GCC_PRECOMPILE_PREFIX_HEADER = YES;
				GCC_PREFIX_HEADER = "MonthView/MonthView-Prefix.pch";
				INFOPLIST_FILE = "MonthViewTests/MonthViewTests-Info.plist";
				PRODUCT_NAME = "$(TARGET_NAME)";
				TEST_HOST = "$(BUNDLE_LOADER)";
				WRAPPER_EXTENSION = xctest;
			};
			name = Release;
		};
/* End XCBuildConfiguration section */

/* Begin XCConfigurationList section */
		5538376A18E857850033D30C /* Build configuration list for PBXProject "MonthView" */ = {
			isa = XCConfigurationList;
			buildConfigurations = (
				5538379F18E857860033D30C /* Debug */,
				553837A018E857860033D30C /* Release */,
			);
			defaultConfigurationIsVisible = 0;
			defaultConfigurationName = Release;
		};
		553837A118E857860033D30C /* Build configuration list for PBXNativeTarget "MonthView" */ = {
			isa = XCConfigurationList;
			buildConfigurations = (
				553837A218E857860033D30C /* Debug */,
				553837A318E857860033D30C /* Release */,
			);
			defaultConfigurationIsVisible = 0;
		};
		553837A418E857860033D30C /* Build configuration list for PBXNativeTarget "MonthViewTests" */ = {
			isa = XCConfigurationList;
			buildConfigurations = (
				553837A518E857860033D30C /* Debug */,
				553837A618E857860033D30C /* Release */,
			);
			defaultConfigurationIsVisible = 0;
		};
/* End XCConfigurationList section */
	};
	rootObject = 5538376718E857850033D30C /* Project object */;
}
